
Microsoft Visual Studio Solution File, Format Version 12.00
# Visual Studio Version 16
VisualStudioVersion = 16.0.31025.218
MinimumVisualStudioVersion = 10.0.40219.1
Project("{FAE04EC0-301F-11D3-BF4B-00C04F79EFBC}") = "ConsoleApp_Telos_XO", "ConsoleApp_Telos_XO\ConsoleApp_Telos_XO.csproj", "{343DDDC7-5596-4E6F-BC62-046C590FEC3A}"
EndProject
Global
	GlobalSection(SolutionConfigurationPlatforms) = preSolution
		Debug|Any CPU = Debug|Any CPU
		Release|Any CPU = Release|Any CPU
	EndGlobalSection
	GlobalSection(ProjectConfigurationPlatforms) = postSolution
		{343DDDC7-5596-4E6F-BC62-046C590FEC3A}.Debug|Any CPU.ActiveCfg = Debug|Any CPU
		{343DDDC7-5596-4E6F-BC62-046C590FEC3A}.Debug|Any CPU.Build.0 = Debug|Any CPU
		{343DDDC7-5596-4E6F-BC62-046C590FEC3A}.Release|Any CPU.ActiveCfg = Release|Any CPU
		{343DDDC7-5596-4E6F-BC62-046C590FEC3A}.Release|Any CPU.Build.0 = Release|Any CPU
	EndGlobalSection
	GlobalSection(SolutionProperties) = preSolution
		HideSolutionNode = FALSE
	EndGlobalSection
	GlobalSection(ExtensibilityGlobals) = postSolution
		SolutionGuid = {3E76708C-5699-4740-8169-F7A5CE5A23C8}
	EndGlobalSection
EndGlobal
